
Microsoft Visual Studio Solution File, Format Version 12.00
# Visual Studio Version 17
VisualStudioVersion = 17.14.36202.13 d17.14
MinimumVisualStudioVersion = 10.0.40219.1
Project("{FAE04EC0-301F-11D3-BF4B-00C04F79EFBC}") = "merge-sort-join", "merge-sort-join.csproj", "{6DBFC82D-7B5B-46E5-86B1-652B22875C61}"
EndProject
Global
	GlobalSection(SolutionConfigurationPlatforms) = preSolution
		Debug|Any CPU = Debug|Any CPU
		Release|Any CPU = Release|Any CPU
	EndGlobalSection
	GlobalSection(ProjectConfigurationPlatforms) = postSolution
		{6DBFC82D-7B5B-46E5-86B1-652B22875C61}.Debug|Any CPU.ActiveCfg = Debug|Any CPU
		{6DBFC82D-7B5B-46E5-86B1-652B22875C61}.Debug|Any CPU.Build.0 = Debug|Any CPU
		{6DBFC82D-7B5B-46E5-86B1-652B22875C61}.Release|Any CPU.ActiveCfg = Release|Any CPU
		{6DBFC82D-7B5B-46E5-86B1-652B22875C61}.Release|Any CPU.Build.0 = Release|Any CPU
	EndGlobalSection
	GlobalSection(SolutionProperties) = preSolution
		HideSolutionNode = FALSE
	EndGlobalSection
	GlobalSection(ExtensibilityGlobals) = postSolution
		SolutionGuid = {CAA28E99-5E92-4966-A1E5-8209205EAE41}
	EndGlobalSection
EndGlobal
